
Microsoft Visual Studio Solution File, Format Version 12.00
# Visual Studio Version 16
VisualStudioVersion = 16.0.29326.143
MinimumVisualStudioVersion = 10.0.40219.1
Project("{FAE04EC0-301F-11D3-BF4B-00C04F79EFBC}") = "KEP_CONSOLE", "KEP_CONSOLE\KEP_CONSOLE.csproj", "{7CEE1D7E-4E27-4DDF-A55A-C314ACC72033}"
EndProject
Global
	GlobalSection(SolutionConfigurationPlatforms) = preSolution
		Debug|Any CPU = Debug|Any CPU
		Release|Any CPU = Release|Any CPU
	EndGlobalSection
	GlobalSection(ProjectConfigurationPlatforms) = postSolution
		{7CEE1D7E-4E27-4DDF-A55A-C314ACC72033}.Debug|Any CPU.ActiveCfg = Debug|Any CPU
		{7CEE1D7E-4E27-4DDF-A55A-C314ACC72033}.Debug|Any CPU.Build.0 = Debug|Any CPU
		{7CEE1D7E-4E27-4DDF-A55A-C314ACC72033}.Release|Any CPU.ActiveCfg = Release|Any CPU
		{7CEE1D7E-4E27-4DDF-A55A-C314ACC72033}.Release|Any CPU.Build.0 = Release|Any CPU
	EndGlobalSection
	GlobalSection(SolutionProperties) = preSolution
		HideSolutionNode = FALSE
	EndGlobalSection
	GlobalSection(ExtensibilityGlobals) = postSolution
		SolutionGuid = {E3525AEE-F980-4385-AB40-920A094BCD1A}
	EndGlobalSection
EndGlobal
